
Microsoft Visual Studio Solution File, Format Version 12.00
# Visual Studio Version 16
VisualStudioVersion = 16.0.30611.23
MinimumVisualStudioVersion = 10.0.40219.1
Project("{FAE04EC0-301F-11D3-BF4B-00C04F79EFBC}") = "ServerEchoProject", "ServerEchoProject.csproj", "{A890E734-BC8F-4374-8D66-C6C45A924D46}"
EndProject
Project("{FAE04EC0-301F-11D3-BF4B-00C04F79EFBC}") = "ServerEchoLibrary", "..\ServerEchoLibrary\ServerEchoLibrary.csproj", "{7922E5D3-8BEA-45B2-96B5-0C61E2055AEF}"
EndProject
Global
	GlobalSection(SolutionConfigurationPlatforms) = preSolution
		Debug|Any CPU = Debug|Any CPU
		Release|Any CPU = Release|Any CPU
	EndGlobalSection
	GlobalSection(ProjectConfigurationPlatforms) = postSolution
		{A890E734-BC8F-4374-8D66-C6C45A924D46}.Debug|Any CPU.ActiveCfg = Debug|Any CPU
		{A890E734-BC8F-4374-8D66-C6C45A924D46}.Debug|Any CPU.Build.0 = Debug|Any CPU
		{A890E734-BC8F-4374-8D66-C6C45A924D46}.Release|Any CPU.ActiveCfg = Release|Any CPU
		{A890E734-BC8F-4374-8D66-C6C45A924D46}.Release|Any CPU.Build.0 = Release|Any CPU
		{7922E5D3-8BEA-45B2-96B5-0C61E2055AEF}.Debug|Any CPU.ActiveCfg = Debug|Any CPU
		{7922E5D3-8BEA-45B2-96B5-0C61E2055AEF}.Debug|Any CPU.Build.0 = Debug|Any CPU
		{7922E5D3-8BEA-45B2-96B5-0C61E2055AEF}.Release|Any CPU.ActiveCfg = Release|Any CPU
		{7922E5D3-8BEA-45B2-96B5-0C61E2055AEF}.Release|Any CPU.Build.0 = Release|Any CPU
	EndGlobalSection
	GlobalSection(SolutionProperties) = preSolution
		HideSolutionNode = FALSE
	EndGlobalSection
	GlobalSection(ExtensibilityGlobals) = postSolution
		SolutionGuid = {9E1280AC-1D31-4A7F-8EC0-43FA99AD705B}
	EndGlobalSection
EndGlobal
